
Microsoft Visual Studio Solution File, Format Version 12.00
# Visual Studio 15
Project("{FAE04EC0-301F-11D3-BF4B-00C04F79EFBC}") = "Assembly-CSharp", "Assembly-CSharp.csproj", "{46D27B8F-89BA-D9ED-16CC-14558521D502}"
EndProject
Project("{FAE04EC0-301F-11D3-BF4B-00C04F79EFBC}") = "Dan", "Dan.csproj", "{50F012E3-0872-BEF7-0A97-22BB545DCA4C}"
EndProject
Project("{FAE04EC0-301F-11D3-BF4B-00C04F79EFBC}") = "LeaderboardCreatorEditor", "LeaderboardCreatorEditor.csproj", "{C03EE9D1-DBF5-9689-C346-1F27E766EE84}"
EndProject
Project("{FAE04EC0-301F-11D3-BF4B-00C04F79EFBC}") = "Assembly-CSharp-Editor", "Assembly-CSharp-Editor.csproj", "{3F0FAF72-B814-26CB-AF59-00199EDCAF45}"
EndProject
Global
	GlobalSection(SolutionConfigurationPlatforms) = preSolution
		Debug|Any CPU = Debug|Any CPU
		Release|Any CPU = Release|Any CPU
	EndGlobalSection
	GlobalSection(ProjectConfigurationPlatforms) = postSolution
		{46D27B8F-89BA-D9ED-16CC-14558521D502}.Debug|Any CPU.ActiveCfg = Debug|Any CPU
		{46D27B8F-89BA-D9ED-16CC-14558521D502}.Debug|Any CPU.Build.0 = Debug|Any CPU
		{46D27B8F-89BA-D9ED-16CC-14558521D502}.Release|Any CPU.ActiveCfg = Release|Any CPU
		{46D27B8F-89BA-D9ED-16CC-14558521D502}.Release|Any CPU.Build.0 = Release|Any CPU
		{50F012E3-0872-BEF7-0A97-22BB545DCA4C}.Debug|Any CPU.ActiveCfg = Debug|Any CPU
		{50F012E3-0872-BEF7-0A97-22BB545DCA4C}.Debug|Any CPU.Build.0 = Debug|Any CPU
		{50F012E3-0872-BEF7-0A97-22BB545DCA4C}.Release|Any CPU.ActiveCfg = Release|Any CPU
		{50F012E3-0872-BEF7-0A97-22BB545DCA4C}.Release|Any CPU.Build.0 = Release|Any CPU
		{C03EE9D1-DBF5-9689-C346-1F27E766EE84}.Debug|Any CPU.ActiveCfg = Debug|Any CPU
		{C03EE9D1-DBF5-9689-C346-1F27E766EE84}.Debug|Any CPU.Build.0 = Debug|Any CPU
		{C03EE9D1-DBF5-9689-C346-1F27E766EE84}.Release|Any CPU.ActiveCfg = Release|Any CPU
		{C03EE9D1-DBF5-9689-C346-1F27E766EE84}.Release|Any CPU.Build.0 = Release|Any CPU
		{3F0FAF72-B814-26CB-AF59-00199EDCAF45}.Debug|Any CPU.ActiveCfg = Debug|Any CPU
		{3F0FAF72-B814-26CB-AF59-00199EDCAF45}.Debug|Any CPU.Build.0 = Debug|Any CPU
		{3F0FAF72-B814-26CB-AF59-00199EDCAF45}.Release|Any CPU.ActiveCfg = Release|Any CPU
		{3F0FAF72-B814-26CB-AF59-00199EDCAF45}.Release|Any CPU.Build.0 = Release|Any CPU
	EndGlobalSection
	GlobalSection(SolutionProperties) = preSolution
		HideSolutionNode = FALSE
	EndGlobalSection
EndGlobal
